
Microsoft Visual Studio Solution File, Format Version 11.00
# Visual Studio 2010
Project("{FAE04EC0-301F-11D3-BF4B-00C04F79EFBC}") = "Git.Unite.Console", "Git.Unite\Git.Unite.Console.csproj", "{EACA1E82-1190-4533-B728-B50466F26E59}"
EndProject
Project("{2150E333-8FDC-42A3-9474-1A3956D46DE8}") = ".nuget", ".nuget", "{47CA9D9D-F581-48E9-85FE-792667D214FF}"
	ProjectSection(SolutionItems) = preProject
		.nuget\NuGet.Config = .nuget\NuGet.Config
		.nuget\NuGet.exe = .nuget\NuGet.exe
		.nuget\NuGet.targets = .nuget\NuGet.targets
	EndProjectSection
EndProject
Project("{FAE04EC0-301F-11D3-BF4B-00C04F79EFBC}") = "LibGitUnite", "LibGitUnite\LibGitUnite.csproj", "{00CE7D4E-93EC-4215-97D5-9C87180C9BAF}"
EndProject
Global
	GlobalSection(SolutionConfigurationPlatforms) = preSolution
		Debug|Any CPU = Debug|Any CPU
		Debug|Mixed Platforms = Debug|Mixed Platforms
		Debug|x86 = Debug|x86
		Leaks|Any CPU = Leaks|Any CPU
		Leaks|Mixed Platforms = Leaks|Mixed Platforms
		Leaks|x86 = Leaks|x86
		Release|Any CPU = Release|Any CPU
		Release|Mixed Platforms = Release|Mixed Platforms
		Release|x86 = Release|x86
	EndGlobalSection
	GlobalSection(ProjectConfigurationPlatforms) = postSolution
		{EACA1E82-1190-4533-B728-B50466F26E59}.Debug|Any CPU.ActiveCfg = Debug|x86
		{EACA1E82-1190-4533-B728-B50466F26E59}.Debug|Mixed Platforms.ActiveCfg = Debug|x86
		{EACA1E82-1190-4533-B728-B50466F26E59}.Debug|Mixed Platforms.Build.0 = Debug|x86
		{EACA1E82-1190-4533-B728-B50466F26E59}.Debug|x86.ActiveCfg = Debug|x86
		{EACA1E82-1190-4533-B728-B50466F26E59}.Debug|x86.Build.0 = Debug|x86
		{EACA1E82-1190-4533-B728-B50466F26E59}.Leaks|Any CPU.ActiveCfg = Release|x86
		{EACA1E82-1190-4533-B728-B50466F26E59}.Leaks|Mixed Platforms.ActiveCfg = Release|x86
		{EACA1E82-1190-4533-B728-B50466F26E59}.Leaks|Mixed Platforms.Build.0 = Release|x86
		{EACA1E82-1190-4533-B728-B50466F26E59}.Leaks|x86.ActiveCfg = Release|x86
		{EACA1E82-1190-4533-B728-B50466F26E59}.Leaks|x86.Build.0 = Release|x86
		{EACA1E82-1190-4533-B728-B50466F26E59}.Release|Any CPU.ActiveCfg = Release|x86
		{EACA1E82-1190-4533-B728-B50466F26E59}.Release|Mixed Platforms.ActiveCfg = Release|x86
		{EACA1E82-1190-4533-B728-B50466F26E59}.Release|Mixed Platforms.Build.0 = Release|x86
		{EACA1E82-1190-4533-B728-B50466F26E59}.Release|x86.ActiveCfg = Release|x86
		{EACA1E82-1190-4533-B728-B50466F26E59}.Release|x86.Build.0 = Release|x86
		{00CE7D4E-93EC-4215-97D5-9C87180C9BAF}.Debug|Any CPU.ActiveCfg = Debug|Any CPU
		{00CE7D4E-93EC-4215-97D5-9C87180C9BAF}.Debug|Any CPU.Build.0 = Debug|Any CPU
		{00CE7D4E-93EC-4215-97D5-9C87180C9BAF}.Debug|Mixed Platforms.ActiveCfg = Debug|Any CPU
		{00CE7D4E-93EC-4215-97D5-9C87180C9BAF}.Debug|Mixed Platforms.Build.0 = Debug|Any CPU
		{00CE7D4E-93EC-4215-97D5-9C87180C9BAF}.Debug|x86.ActiveCfg = Debug|Any CPU
		{00CE7D4E-93EC-4215-97D5-9C87180C9BAF}.Leaks|Any CPU.ActiveCfg = Release|Any CPU
		{00CE7D4E-93EC-4215-97D5-9C87180C9BAF}.Leaks|Any CPU.Build.0 = Release|Any CPU
		{00CE7D4E-93EC-4215-97D5-9C87180C9BAF}.Leaks|Mixed Platforms.ActiveCfg = Release|Any CPU
		{00CE7D4E-93EC-4215-97D5-9C87180C9BAF}.Leaks|Mixed Platforms.Build.0 = Release|Any CPU
		{00CE7D4E-93EC-4215-97D5-9C87180C9BAF}.Leaks|x86.ActiveCfg = Release|Any CPU
		{00CE7D4E-93EC-4215-97D5-9C87180C9BAF}.Release|Any CPU.ActiveCfg = Release|Any CPU
		{00CE7D4E-93EC-4215-97D5-9C87180C9BAF}.Release|Any CPU.Build.0 = Release|Any CPU
		{00CE7D4E-93EC-4215-97D5-9C87180C9BAF}.Release|Mixed Platforms.ActiveCfg = Release|Any CPU
		{00CE7D4E-93EC-4215-97D5-9C87180C9BAF}.Release|Mixed Platforms.Build.0 = Release|Any CPU
		{00CE7D4E-93EC-4215-97D5-9C87180C9BAF}.Release|x86.ActiveCfg = Release|Any CPU
	EndGlobalSection
	GlobalSection(SolutionProperties) = preSolution
		HideSolutionNode = FALSE
	EndGlobalSection
EndGlobal
